
Microsoft Visual Studio Solution File, Format Version 12.00
# Visual Studio Version 17
VisualStudioVersion = 17.5.33516.290
MinimumVisualStudioVersion = 10.0.40219.1
Project("{D2ABAB84-BF74-430A-B69E-9DC6D40DDA17}") = "olap_contas_publicas_2022", "olap_contas_publicas_2022.dwproj", "{31E21721-9F8C-4BD6-A1D8-BAB1B9EFFF57}"
EndProject
Global
	GlobalSection(SolutionConfigurationPlatforms) = preSolution
		Development|Default = Development|Default
	EndGlobalSection
	GlobalSection(ProjectConfigurationPlatforms) = postSolution
		{31E21721-9F8C-4BD6-A1D8-BAB1B9EFFF57}.Development|Default.ActiveCfg = Development
		{31E21721-9F8C-4BD6-A1D8-BAB1B9EFFF57}.Development|Default.Build.0 = Development
		{31E21721-9F8C-4BD6-A1D8-BAB1B9EFFF57}.Development|Default.Deploy.0 = Development
	EndGlobalSection
	GlobalSection(SolutionProperties) = preSolution
		HideSolutionNode = FALSE
	EndGlobalSection
	GlobalSection(ExtensibilityGlobals) = postSolution
		SolutionGuid = {9673310E-EF90-402A-8DAB-187472ECEC5B}
	EndGlobalSection
EndGlobal
